
Microsoft Visual Studio Solution File, Format Version 12.00
# Visual Studio 15
VisualStudioVersion = 15.0.28010.2026
MinimumVisualStudioVersion = 10.0.40219.1
Project("{FAE04EC0-301F-11D3-BF4B-00C04F79EFBC}") = "Biler", "Biler\Biler.csproj", "{22E64012-2D2B-4627-9CB5-7E9A0D258791}"
EndProject
Global
	GlobalSection(SolutionConfigurationPlatforms) = preSolution
		Debug|Any CPU = Debug|Any CPU
		Release|Any CPU = Release|Any CPU
	EndGlobalSection
	GlobalSection(ProjectConfigurationPlatforms) = postSolution
		{22E64012-2D2B-4627-9CB5-7E9A0D258791}.Debug|Any CPU.ActiveCfg = Debug|Any CPU
		{22E64012-2D2B-4627-9CB5-7E9A0D258791}.Debug|Any CPU.Build.0 = Debug|Any CPU
		{22E64012-2D2B-4627-9CB5-7E9A0D258791}.Release|Any CPU.ActiveCfg = Release|Any CPU
		{22E64012-2D2B-4627-9CB5-7E9A0D258791}.Release|Any CPU.Build.0 = Release|Any CPU
	EndGlobalSection
	GlobalSection(SolutionProperties) = preSolution
		HideSolutionNode = FALSE
	EndGlobalSection
	GlobalSection(ExtensibilityGlobals) = postSolution
		SolutionGuid = {338AC0EB-E348-4F91-90D8-05B1284C1177}
	EndGlobalSection
EndGlobal
